{
  "requires": true,
  "lockfileVersion": 1,
  "dependencies": {
    "iframe-resizer": {
      "version": "4.2.8",
      "resolved": "https://registry.npmjs.org/iframe-resizer/-/iframe-resizer-4.2.8.tgz",
      "integrity": "sha512-7xL06ARLTqaFJcK7fZmHFgPpV6dapFoV6UgZsvSA4QNpD5yu3Dd+YkOKF4wcor1qA7p2AqDfNZqL8HWgGKGGDg=="
    }
  }
}
